
Microsoft Visual Studio Solution File, Format Version 9.00
# Visual C++ Express 2005
Project("{8BC9CEB8-8B4A-11D0-8D11-00A0C91BC942}") = "newformat", "newformat.vcproj", "{74A17BED-7453-473E-9FED-5D0FB35CB2E5}"
EndProject
Global
	GlobalSection(SolutionConfigurationPlatforms) = preSolution
		Debug|Win32 = Debug|Win32
		Release|Win32 = Release|Win32
	EndGlobalSection
	GlobalSection(ProjectConfigurationPlatforms) = postSolution
		{74A17BED-7453-473E-9FED-5D0FB35CB2E5}.Debug|Win32.ActiveCfg = Debug|Win32
		{74A17BED-7453-473E-9FED-5D0FB35CB2E5}.Debug|Win32.Build.0 = Debug|Win32
		{74A17BED-7453-473E-9FED-5D0FB35CB2E5}.Release|Win32.ActiveCfg = Release|Win32
		{74A17BED-7453-473E-9FED-5D0FB35CB2E5}.Release|Win32.Build.0 = Release|Win32
	EndGlobalSection
	GlobalSection(SolutionProperties) = preSolution
		HideSolutionNode = FALSE
	EndGlobalSection
EndGlobal
